
Microsoft Visual Studio Solution File, Format Version 12.00
# Visual Studio Version 16
VisualStudioVersion = 16.0.31727.386
MinimumVisualStudioVersion = 10.0.40219.1
Project("{FAE04EC0-301F-11D3-BF4B-00C04F79EFBC}") = "Hangman", "Hangman\Hangman.csproj", "{587337BF-4FB5-495E-83DD-98C0F2BB6452}"
EndProject
Global
	GlobalSection(SolutionConfigurationPlatforms) = preSolution
		Debug|Any CPU = Debug|Any CPU
		Release|Any CPU = Release|Any CPU
	EndGlobalSection
	GlobalSection(ProjectConfigurationPlatforms) = postSolution
		{587337BF-4FB5-495E-83DD-98C0F2BB6452}.Debug|Any CPU.ActiveCfg = Debug|Any CPU
		{587337BF-4FB5-495E-83DD-98C0F2BB6452}.Debug|Any CPU.Build.0 = Debug|Any CPU
		{587337BF-4FB5-495E-83DD-98C0F2BB6452}.Release|Any CPU.ActiveCfg = Release|Any CPU
		{587337BF-4FB5-495E-83DD-98C0F2BB6452}.Release|Any CPU.Build.0 = Release|Any CPU
	EndGlobalSection
	GlobalSection(SolutionProperties) = preSolution
		HideSolutionNode = FALSE
	EndGlobalSection
	GlobalSection(ExtensibilityGlobals) = postSolution
		SolutionGuid = {51EABF75-33FE-4C4F-A06C-DE84AD1017A5}
	EndGlobalSection
EndGlobal
